Microsoft Visual Studio Solution File, Format Version 12.00
# Visual Studio 2012
Project("{FAE04EC0-301F-11D3-BF4B-00C04F79EFBC}") = "DotNetNuke.Media", "DotNetNuke.Media.csproj", "{176CE33F-FF0C-451A-8A38-1DE475B00A78}"
EndProject
Global
	GlobalSection(SolutionConfigurationPlatforms) = preSolution
		Debug|Any CPU = Debug|Any CPU
		Release|Any CPU = Release|Any CPU
	EndGlobalSection
	GlobalSection(ProjectConfigurationPlatforms) = postSolution
		{176CE33F-FF0C-451A-8A38-1DE475B00A78}.Debug|Any CPU.ActiveCfg = Debug|Any CPU
		{176CE33F-FF0C-451A-8A38-1DE475B00A78}.Debug|Any CPU.Build.0 = Debug|Any CPU
		{176CE33F-FF0C-451A-8A38-1DE475B00A78}.Release|Any CPU.ActiveCfg = Release|Any CPU
		{176CE33F-FF0C-451A-8A38-1DE475B00A78}.Release|Any CPU.Build.0 = Release|Any CPU
	EndGlobalSection
	GlobalSection(SolutionProperties) = preSolution
		HideSolutionNode = FALSE
	EndGlobalSection
	GlobalSection(.Test) = postSolution
		.TestFiles = .TEST\Products\symbols.xml;.TEST\Products\violations.xml;.TEST\Products\coverage.xml
		ActiveConfiguration = BuiltIn\Combined\CompleteAnalysis.tcfg
		GRSAttributes = <?xml version="1.0" encoding="utf-8"?><properties document_version="1.0" />
	EndGlobalSection
EndGlobal
