
Microsoft Visual Studio Solution File, Format Version 12.00
# Visual Studio 2012
Project("{FAE04EC0-301F-11D3-BF4B-00C04F79EFBC}") = "WillStrohl.Modules.Injection.Converted", "WillStrohl.Modules.Injection.Converted.csproj", "{35118921-95CD-4421-BB1A-1354DDEECEFB}"
EndProject
Global
	GlobalSection(SolutionConfigurationPlatforms) = preSolution
		Debug|Any CPU = Debug|Any CPU
		Release|Any CPU = Release|Any CPU
	EndGlobalSection
	GlobalSection(ProjectConfigurationPlatforms) = postSolution
		{35118921-95CD-4421-BB1A-1354DDEECEFB}.Debug|Any CPU.ActiveCfg = Debug|Any CPU
		{35118921-95CD-4421-BB1A-1354DDEECEFB}.Debug|Any CPU.Build.0 = Debug|Any CPU
		{35118921-95CD-4421-BB1A-1354DDEECEFB}.Release|Any CPU.ActiveCfg = Release|Any CPU
		{35118921-95CD-4421-BB1A-1354DDEECEFB}.Release|Any CPU.Build.0 = Release|Any CPU
	EndGlobalSection
	GlobalSection(SolutionProperties) = preSolution
		HideSolutionNode = FALSE
	EndGlobalSection
EndGlobal
